// !$*UTF8*$!
{
	archiveVersion = 1;
	classes = {
	};
	objectVersion = 55;
	objects = {

/* Begin PBXBuildFile section */
		DCF476CF276A3DD7007C907E /* AppDelegate.swift in Sources */ = {isa = PBXBuildFile; fileRef = DCF476CE276A3DD7007C907E /* AppDelegate.swift */; };
		DCF476D1276A3DD7007C907E /* SceneDelegate.swift in Sources */ = {isa = PBXBuildFile; fileRef = DCF476D0276A3DD7007C907E /* SceneDelegate.swift */; };
		DCF476D3276A3DD7007C907E /* ViewController.swift in Sources */ = {isa = PBXBuildFile; fileRef = DCF476D2276A3DD7007C907E /* ViewController.swift */; };
		DCF476D6276A3DD7007C907E /* Main.storyboard in Resources */ = {isa = PBXBuildFile; fileRef = DCF476D4276A3DD7007C907E /* Main.storyboard */; };
		DCF476D8276A3DD9007C907E /* Assets.xcassets in Resources */ = {isa = PBXBuildFile; fileRef = DCF476D7276A3DD9007C907E /* Assets.xcassets */; };
		DCF476DB276A3DD9007C907E /* LaunchScreen.storyboard in Resources */ = {isa = PBXBuildFile; fileRef = DCF476D9276A3DD9007C907E /* LaunchScreen.storyboard */; };
		DCF476E4276A55A4007C907E /* LoginCollectionViewController.swift in Sources */ = {isa = PBXBuildFile; fileRef = DCF476E3276A55A4007C907E /* LoginCollectionViewController.swift */; };
		DCF476E6276A55E7007C907E /* NewAccountViewController.swift in Sources */ = {isa = PBXBuildFile; fileRef = DCF476E5276A55E7007C907E /* NewAccountViewController.swift */; };
/* End PBXBuildFile section */

/* Begin PBXFileReference section */
		DCF476CB276A3DD7007C907E /* LoginProgUI.app */ = {isa = PBXFileReference; explicitFileType = wrapper.application; includeInIndex = 0; path = LoginProgUI.app; sourceTree = BUILT_PRODUCTS_DIR; };
		DCF476CE276A3DD7007C907E /* AppDelegate.swift */ = {isa = PBXFileReference; lastKnownFileType = sourcecode.swift; path = AppDelegate.swift; sourceTree = "<group>"; };
		DCF476D0276A3DD7007C907E /* SceneDelegate.swift */ = {isa = PBXFileReference; lastKnownFileType = sourcecode.swift; path = SceneDelegate.swift; sourceTree = "<group>"; };
		DCF476D2276A3DD7007C907E /* ViewController.swift */ = {isa = PBXFileReference; lastKnownFileType = sourcecode.swift; path = ViewController.swift; sourceTree = "<group>"; };
		DCF476D5276A3DD7007C907E /* Base */ = {isa = PBXFileReference; lastKnownFileType = file.storyboard; name = Base; path = Base.lproj/Main.storyboard; sourceTree = "<group>"; };
		DCF476D7276A3DD9007C907E /* Assets.xcassets */ = {isa = PBXFileReference; lastKnownFileType = folder.assetcatalog; path = Assets.xcassets; sourceTree = "<group>"; };
		DCF476DA276A3DD9007C907E /* Base */ = {isa = PBXFileReference; lastKnownFileType = file.storyboard; name = Base; path = Base.lproj/LaunchScreen.storyboard; sourceTree = "<group>"; };
		DCF476DC276A3DD9007C907E /* Info.plist */ = {isa = PBXFileReference; lastKnownFileType = text.plist.xml; path = Info.plist; sourceTree = "<group>"; };
		DCF476E3276A55A4007C907E /* LoginCollectionViewController.swift */ = {isa = PBXFileReference; lastKnownFileType = sourcecode.swift; path = LoginCollectionViewController.swift; sourceTree = "<group>"; };
		DCF476E5276A55E7007C907E /* NewAccountViewController.swift */ = {isa = PBXFileReference; lastKnownFileType = sourcecode.swift; path = NewAccountViewController.swift; sourceTree = "<group>"; };
/* End PBXFileReference section */

/* Begin PBXFrameworksBuildPhase section */
		DCF476C8276A3DD7007C907E /* Frameworks */ = {
			isa = PBXFrameworksBuildPhase;
			buildActionMask = 2147483647;
			files = (
			);
			runOnlyForDeploymentPostprocessing = 0;
		};
/* End PBXFrameworksBuildPhase section */

/* Begin PBXGroup section */
		DCF476C2276A3DD7007C907E = {
			isa = PBXGroup;
			children = (
				DCF476CD276A3DD7007C907E /* LoginProgUI */,
				DCF476CC276A3DD7007C907E /* Products */,
			);
			sourceTree = "<group>";
		};
		DCF476CC276A3DD7007C907E /* Products */ = {
			isa = PBXGroup;
			children = (
				DCF476CB276A3DD7007C907E /* LoginProgUI.app */,
			);
			name = Products;
			sourceTree = "<group>";
		};
		DCF476CD276A3DD7007C907E /* LoginProgUI */ = {
			isa = PBXGroup;
			children = (
				DCF476E2276A5582007C907E /* View */,
				DCF476CE276A3DD7007C907E /* AppDelegate.swift */,
				DCF476D0276A3DD7007C907E /* SceneDelegate.swift */,
				DCF476D4276A3DD7007C907E /* Main.storyboard */,
				DCF476D7276A3DD9007C907E /* Assets.xcassets */,
				DCF476D9276A3DD9007C907E /* LaunchScreen.storyboard */,
				DCF476DC276A3DD9007C907E /* Info.plist */,
			);
			path = LoginProgUI;
			sourceTree = "<group>";
		};
		DCF476E2276A5582007C907E /* View */ = {
			isa = PBXGroup;
			children = (
				DCF476D2276A3DD7007C907E /* ViewController.swift */,
				DCF476E3276A55A4007C907E /* LoginCollectionViewController.swift */,
				DCF476E5276A55E7007C907E /* NewAccountViewController.swift */,
			);
			path = View;
			sourceTree = "<group>";
		};
/* End PBXGroup section */

/* Begin PBXNativeTarget section */
		DCF476CA276A3DD7007C907E /* LoginProgUI */ = {
			isa = PBXNativeTarget;
			buildConfigurationList = DCF476DF276A3DD9007C907E /* Build configuration list for PBXNativeTarget "LoginProgUI" */;
			buildPhases = (
				DCF476C7276A3DD7007C907E /* Sources */,
				DCF476C8276A3DD7007C907E /* Frameworks */,
				DCF476C9276A3DD7007C907E /* Resources */,
			);
			buildRules = (
			);
			dependencies = (
			);
			name = LoginProgUI;
			productName = LoginProgUI;
			productReference = DCF476CB276A3DD7007C907E /* LoginProgUI.app */;
			productType = "com.apple.product-type.application";
		};
/* End PBXNativeTarget section */

/* Begin PBXProject section */
		DCF476C3276A3DD7007C907E /* Project object */ = {
			isa = PBXProject;
			attributes = {
				BuildIndependentTargetsInParallel = 1;
				LastSwiftUpdateCheck = 1310;
				LastUpgradeCheck = 1310;
				TargetAttributes = {
					DCF476CA276A3DD7007C907E = {
						CreatedOnToolsVersion = 13.1;
					};
				};
			};
			buildConfigurationList = DCF476C6276A3DD7007C907E /* Build configuration list for PBXProject "LoginProgUI" */;
			compatibilityVersion = "Xcode 13.0";
			developmentRegion = en;
			hasScannedForEncodings = 0;
			knownRegions = (
				en,
				Base,
			);
			mainGroup = DCF476C2276A3DD7007C907E;
			productRefGroup = DCF476CC276A3DD7007C907E /* Products */;
			projectDirPath = "";
			projectRoot = "";
			targets = (
				DCF476CA276A3DD7007C907E /* LoginProgUI */,
			);
		};
/* End PBXProject section */

/* Begin PBXResourcesBuildPhase section */
		DCF476C9276A3DD7007C907E /* Resources */ = {
			isa = PBXResourcesBuildPhase;
			buildActionMask = 2147483647;
			files = (
				DCF476DB276A3DD9007C907E /* LaunchScreen.storyboard in Resources */,
				DCF476D8276A3DD9007C907E /* Assets.xcassets in Resources */,
				DCF476D6276A3DD7007C907E /* Main.storyboard in Resources */,
			);
			runOnlyForDeploymentPostprocessing = 0;
		};
/* End PBXResourcesBuildPhase section */

/* Begin PBXSourcesBuildPhase section */
		DCF476C7276A3DD7007C907E /* Sources */ = {
			isa = PBXSourcesBuildPhase;
			buildActionMask = 2147483647;
			files = (
				DCF476D3276A3DD7007C907E /* ViewController.swift in Sources */,
				DCF476CF276A3DD7007C907E /* AppDelegate.swift in Sources */,
				DCF476E4276A55A4007C907E /* LoginCollectionViewController.swift in Sources */,
				DCF476E6276A55E7007C907E /* NewAccountViewController.swift in Sources */,
				DCF476D1276A3DD7007C907E /* SceneDelegate.swift in Sources */,
			);
			runOnlyForDeploymentPostprocessing = 0;
		};
/* End PBXSourcesBuildPhase section */

/* Begin PBXVariantGroup section */
		DCF476D4276A3DD7007C907E /* Main.storyboard */ = {
			isa = PBXVariantGroup;
			children = (
				DCF476D5276A3DD7007C907E /* Base */,
			);
			name = Main.storyboard;
			sourceTree = "<group>";
		};
		DCF476D9276A3DD9007C907E /* LaunchScreen.storyboard */ = {
			isa = PBXVariantGroup;
			children = (
				DCF476DA276A3DD9007C907E /* Base */,
			);
			name = LaunchScreen.storyboard;
			sourceTree = "<group>";
		};
/* End PBXVariantGroup section */

/* Begin XCBuildConfiguration section */
		DCF476DD276A3DD9007C907E /* Debug */ = {
			isa = XCBuildConfiguration;
			buildSettings = {
				ALWAYS_SEARCH_USER_PATHS = NO;
				CLANG_ANALYZER_NONNULL = YES;
				CLANG_ANALYZER_NUMBER_OBJECT_CONVERSION = YES_AGGRESSIVE;
				CLANG_CXX_LANGUAGE_STANDARD = "gnu++17";
				CLANG_CXX_LIBRARY = "libc++";
				CLANG_ENABLE_MODULES = YES;
				CLANG_ENABLE_OBJC_ARC = YES;
				CLANG_ENABLE_OBJC_WEAK = YES;
				CLANG_WARN_BLOCK_CAPTURE_AUTORELEASING = YES;
				CLANG_WARN_BOOL_CONVERSION = YES;
				CLANG_WARN_COMMA = YES;
				CLANG_WARN_CONSTANT_CONVERSION = YES;
				CLANG_WARN_DEPRECATED_OBJC_IMPLEMENTATIONS = YES;
				CLANG_WARN_DIRECT_OBJC_ISA_USAGE = YES_ERROR;
				CLANG_WARN_DOCUMENTATION_COMMENTS = YES;
				CLANG_WARN_EMPTY_BODY = YES;
				CLANG_WARN_ENUM_CONVERSION = YES;
				CLANG_WARN_INFINITE_RECURSION = YES;
				CLANG_WARN_INT_CONVERSION = YES;
				CLANG_WARN_NON_LITERAL_NULL_CONVERSION = YES;
				CLANG_WARN_OBJC_IMPLICIT_RETAIN_SELF = YES;
				CLANG_WARN_OBJC_LITERAL_CONVERSION = YES;
				CLANG_WARN_OBJC_ROOT_CLASS = YES_ERROR;
				CLANG_WARN_QUOTED_INCLUDE_IN_FRAMEWORK_HEADER = YES;
				CLANG_WARN_RANGE_LOOP_ANALYSIS = YES;
				CLANG_WARN_STRICT_PROTOTYPES = YES;
				CLANG_WARN_SUSPICIOUS_MOVE = YES;
				CLANG_WARN_UNGUARDED_AVAILABILITY = YES_AGGRESSIVE;
				CLANG_WARN_UNREACHABLE_CODE = YES;
				CLANG_WARN__DUPLICATE_METHOD_MATCH = YES;
				COPY_PHASE_STRIP = NO;
				DEBUG_INFORMATION_FORMAT = dwarf;
				ENABLE_STRICT_OBJC_MSGSEND = YES;
				ENABLE_TESTABILITY = YES;
				GCC_C_LANGUAGE_STANDARD = gnu11;
				GCC_DYNAMIC_NO_PIC = NO;
				GCC_NO_COMMON_BLOCKS = YES;
				GCC_OPTIMIZATION_LEVEL = 0;
				GCC_PREPROCESSOR_DEFINITIONS = (
					"DEBUG=1",
					"$(inherited)",
				);
				GCC_WARN_64_TO_32_BIT_CONVERSION = YES;
				GCC_WARN_ABOUT_RETURN_TYPE = YES_ERROR;
				GCC_WARN_UNDECLARED_SELECTOR = YES;
				GCC_WARN_UNINITIALIZED_AUTOS = YES_AGGRESSIVE;
				GCC_WARN_UNUSED_FUNCTION = YES;
				GCC_WARN_UNUSED_VARIABLE = YES;
				IPHONEOS_DEPLOYMENT_TARGET = 15.0;
				MTL_ENABLE_DEBUG_INFO = INCLUDE_SOURCE;
				MTL_FAST_MATH = YES;
				ONLY_ACTIVE_ARCH = YES;
				SDKROOT = iphoneos;
				SWIFT_ACTIVE_COMPILATION_CONDITIONS = DEBUG;
				SWIFT_OPTIMIZATION_LEVEL = "-Onone";
			};
			name = Debug;
		};
		DCF476DE276A3DD9007C907E /* Release */ = {
			isa = XCBuildConfiguration;
			buildSettings = {
				ALWAYS_SEARCH_USER_PATHS = NO;
				CLANG_ANALYZER_NONNULL = YES;
				CLANG_ANALYZER_NUMBER_OBJECT_CONVERSION = YES_AGGRESSIVE;
				CLANG_CXX_LANGUAGE_STANDARD = "gnu++17";
				CLANG_CXX_LIBRARY = "libc++";
				CLANG_ENABLE_MODULES = YES;
				CLANG_ENABLE_OBJC_ARC = YES;
				CLANG_ENABLE_OBJC_WEAK = YES;
				CLANG_WARN_BLOCK_CAPTURE_AUTORELEASING = YES;
				CLANG_WARN_BOOL_CONVERSION = YES;
				CLANG_WARN_COMMA = YES;
				CLANG_WARN_CONSTANT_CONVERSION = YES;
				CLANG_WARN_DEPRECATED_OBJC_IMPLEMENTATIONS = YES;
				CLANG_WARN_DIRECT_OBJC_ISA_USAGE = YES_ERROR;
				CLANG_WARN_DOCUMENTATION_COMMENTS = YES;
				CLANG_WARN_EMPTY_BODY = YES;
				CLANG_WARN_ENUM_CONVERSION = YES;
				CLANG_WARN_INFINITE_RECURSION = YES;
				CLANG_WARN_INT_CONVERSION = YES;
				CLANG_WARN_NON_LITERAL_NULL_CONVERSION = YES;
				CLANG_WARN_OBJC_IMPLICIT_RETAIN_SELF = YES;
				CLANG_WARN_OBJC_LITERAL_CONVERSION = YES;
				CLANG_WARN_OBJC_ROOT_CLASS = YES_ERROR;
				CLANG_WARN_QUOTED_INCLUDE_IN_FRAMEWORK_HEADER = YES;
				CLANG_WARN_RANGE_LOOP_ANALYSIS = YES;
				CLANG_WARN_STRICT_PROTOTYPES = YES;
				CLANG_WARN_SUSPICIOUS_MOVE = YES;
				CLANG_WARN_UNGUARDED_AVAILABILITY = YES_AGGRESSIVE;
				CLANG_WARN_UNREACHABLE_CODE = YES;
				CLANG_WARN__DUPLICATE_METHOD_MATCH = YES;
				COPY_PHASE_STRIP = NO;
				DEBUG_INFORMATION_FORMAT = "dwarf-with-dsym";
				ENABLE_NS_ASSERTIONS = NO;
				ENABLE_STRICT_OBJC_MSGSEND = YES;
				GCC_C_LANGUAGE_STANDARD = gnu11;
				GCC_NO_COMMON_BLOCKS = YES;
				GCC_WARN_64_TO_32_BIT_CONVERSION = YES;
				GCC_WARN_ABOUT_RETURN_TYPE = YES_ERROR;
				GCC_WARN_UNDECLARED_SELECTOR = YES;
				GCC_WARN_UNINITIALIZED_AUTOS = YES_AGGRESSIVE;
				GCC_WARN_UNUSED_FUNCTION = YES;
				GCC_WARN_UNUSED_VARIABLE = YES;
				IPHONEOS_DEPLOYMENT_TARGET = 15.0;
				MTL_ENABLE_DEBUG_INFO = NO;
				MTL_FAST_MATH = YES;
				SDKROOT = iphoneos;
				SWIFT_COMPILATION_MODE = wholemodule;
				SWIFT_OPTIMIZATION_LEVEL = "-O";
				VALIDATE_PRODUCT = YES;
			};
			name = Release;
		};
		DCF476E0276A3DD9007C907E /* Debug */ = {
			isa = XCBuildConfiguration;
			buildSettings = {
				ASSETCATALOG_COMPILER_APPICON_NAME = AppIcon;
				ASSETCATALOG_COMPILER_GLOBAL_ACCENT_COLOR_NAME = AccentColor;
				CODE_SIGN_STYLE = Automatic;
				CURRENT_PROJECT_VERSION = 1;
				GENERATE_INFOPLIST_FILE = YES;
				INFOPLIST_FILE = LoginProgUI/Info.plist;
				INFOPLIST_KEY_UIApplicationSupportsIndirectInputEvents = YES;
				INFOPLIST_KEY_UILaunchStoryboardName = LaunchScreen;
				INFOPLIST_KEY_UIMainStoryboardFile = Main;
				INFOPLIST_KEY_UISupportedInterfaceOrientations_iPad = "UIInterfaceOrientationPortrait UIInterfaceOrientationPortraitUpsideDown UIInterfaceOrientationLandscapeLeft UIInterfaceOrientationLandscapeRight";
				INFOPLIST_KEY_UISupportedInterfaceOrientations_iPhone = "UIInterfaceOrientationPortrait UIInterfaceOrientationLandscapeLeft UIInterfaceOrientationLandscapeRight";
				LD_RUNPATH_SEARCH_PATHS = (
					"$(inherited)",
					"@executable_path/Frameworks",
				);
				MARKETING_VERSION = 1.0;
				PRODUCT_BUNDLE_IDENTIFIER = Davin.LoginProgUI;
				PRODUCT_NAME = "$(TARGET_NAME)";
				SWIFT_EMIT_LOC_STRINGS = YES;
				SWIFT_VERSION = 5.0;
				TARGETED_DEVICE_FAMILY = "1,2";
			};
			name = Debug;
		};
		DCF476E1276A3DD9007C907E /* Release */ = {
			isa = XCBuildConfiguration;
			buildSettings = {
				ASSETCATALOG_COMPILER_APPICON_NAME = AppIcon;
				ASSETCATALOG_COMPILER_GLOBAL_ACCENT_COLOR_NAME = AccentColor;
				CODE_SIGN_STYLE = Automatic;
				CURRENT_PROJECT_VERSION = 1;
				GENERATE_INFOPLIST_FILE = YES;
				INFOPLIST_FILE = LoginProgUI/Info.plist;
				INFOPLIST_KEY_UIApplicationSupportsIndirectInputEvents = YES;
				INFOPLIST_KEY_UILaunchStoryboardName = LaunchScreen;
				INFOPLIST_KEY_UIMainStoryboardFile = Main;
				INFOPLIST_KEY_UISupportedInterfaceOrientations_iPad = "UIInterfaceOrientationPortrait UIInterfaceOrientationPortraitUpsideDown UIInterfaceOrientationLandscapeLeft UIInterfaceOrientationLandscapeRight";
				INFOPLIST_KEY_UISupportedInterfaceOrientations_iPhone = "UIInterfaceOrientationPortrait UIInterfaceOrientationLandscapeLeft UIInterfaceOrientationLandscapeRight";
				LD_RUNPATH_SEARCH_PATHS = (
					"$(inherited)",
					"@executable_path/Frameworks",
				);
				MARKETING_VERSION = 1.0;
				PRODUCT_BUNDLE_IDENTIFIER = Davin.LoginProgUI;
				PRODUCT_NAME = "$(TARGET_NAME)";
				SWIFT_EMIT_LOC_STRINGS = YES;
				SWIFT_VERSION = 5.0;
				TARGETED_DEVICE_FAMILY = "1,2";
			};
			name = Release;
		};
/* End XCBuildConfiguration section */

/* Begin XCConfigurationList section */
		DCF476C6276A3DD7007C907E /* Build configuration list for PBXProject "LoginProgUI" */ = {
			isa = XCConfigurationList;
			buildConfigurations = (
				DCF476DD276A3DD9007C907E /* Debug */,
				DCF476DE276A3DD9007C907E /* Release */,
			);
			defaultConfigurationIsVisible = 0;
			defaultConfigurationName = Release;
		};
		DCF476DF276A3DD9007C907E /* Build configuration list for PBXNativeTarget "LoginProgUI" */ = {
			isa = XCConfigurationList;
			buildConfigurations = (
				DCF476E0276A3DD9007C907E /* Debug */,
				DCF476E1276A3DD9007C907E /* Release */,
			);
			defaultConfigurationIsVisible = 0;
			defaultConfigurationName = Release;
		};
/* End XCConfigurationList section */
	};
	rootObject = DCF476C3276A3DD7007C907E /* Project object */;
}
